# This file is automatically @generated by Cargo.
# It is not intended for manual editing.
version = 4

[[package]]
name = "fomalhaut"
version = "0.1.0"

[[package]]
name = "fomalhaut-core"
version = "0.1.0"

[[package]]
name = "fomalhaut-session"
version = "0.1.0"

[[package]]
name = "fomalhaut-web"
version = "0.1.0"
